
Microsoft Visual Studio Solution File, Format Version 12.00
# Visual Studio Version 17
VisualStudioVersion = 17.7.34031.279
MinimumVisualStudioVersion = 10.0.40219.1
Project("{9A19103F-16F7-4668-BE54-9A1E7A4F7556}") = "net-maui", "net-maui\net-maui.csproj", "{A53F7F70-03B7-414A-B54A-3209FC5A8F9C}"
EndProject
Project("{2150E333-8FDC-42A3-9474-1A3956D46DE8}") = "docs", "docs", "{F33935FB-F9F9-41EE-B4D2-AC10CE72FC82}"
	ProjectSection(SolutionItems) = preProject
		README.md = README.md
	EndProjectSection
EndProject
Global
	GlobalSection(SolutionConfigurationPlatforms) = preSolution
		Debug|Any CPU = Debug|Any CPU
		Release|Any CPU = Release|Any CPU
	EndGlobalSection
	GlobalSection(ProjectConfigurationPlatforms) = postSolution
		{A53F7F70-03B7-414A-B54A-3209FC5A8F9C}.Debug|Any CPU.ActiveCfg = Debug|Any CPU
		{A53F7F70-03B7-414A-B54A-3209FC5A8F9C}.Debug|Any CPU.Build.0 = Debug|Any CPU
		{A53F7F70-03B7-414A-B54A-3209FC5A8F9C}.Debug|Any CPU.Deploy.0 = Debug|Any CPU
		{A53F7F70-03B7-414A-B54A-3209FC5A8F9C}.Release|Any CPU.ActiveCfg = Release|Any CPU
		{A53F7F70-03B7-414A-B54A-3209FC5A8F9C}.Release|Any CPU.Build.0 = Release|Any CPU
		{A53F7F70-03B7-414A-B54A-3209FC5A8F9C}.Release|Any CPU.Deploy.0 = Release|Any CPU
	EndGlobalSection
	GlobalSection(SolutionProperties) = preSolution
		HideSolutionNode = FALSE
	EndGlobalSection
	GlobalSection(ExtensibilityGlobals) = postSolution
		SolutionGuid = {D527D0FF-8F9D-4465-B625-FB877CF904BB}
	EndGlobalSection
EndGlobal
